
Microsoft Visual Studio Solution File, Format Version 12.00
# Visual Studio Version 16
VisualStudioVersion = 16.0.30611.23
MinimumVisualStudioVersion = 10.0.40219.1
Project("{FAE04EC0-301F-11D3-BF4B-00C04F79EFBC}") = "EmguCvPrototypingWpf.Desktop", "EmguCvPrototypingWpf.Desktop\EmguCvPrototypingWpf.Desktop.csproj", "{0D7DCFBE-0E88-412A-AA86-9E9479D4F7E5}"
EndProject
Project("{2150E333-8FDC-42A3-9474-1A3956D46DE8}") = "Solution Items", "Solution Items", "{B05ED990-85E7-4C95-8D0A-A177BDF52085}"
	ProjectSection(SolutionItems) = preProject
		.gitignore = .gitignore
		documentation.md = documentation.md
		LICENSE = LICENSE
		README.md = README.md
	EndProjectSection
EndProject
Project("{FAE04EC0-301F-11D3-BF4B-00C04F79EFBC}") = "MultiViewerEmguExampleWpf", "MultiViewerEmguExampleWpf\MultiViewerEmguExampleWpf.csproj", "{19BF1846-16E7-47B5-BF1C-03FE23503DB7}"
EndProject
Project("{FAE04EC0-301F-11D3-BF4B-00C04F79EFBC}") = "RecordingVideoEmguCVExampleWpf", "RecordingVideoEmguCVExampleWpf\RecordingVideoEmguCVExampleWpf.csproj", "{8F1D13ED-4353-449E-BA4C-3E4ED7EA8BC7}"
EndProject
Project("{FAE04EC0-301F-11D3-BF4B-00C04F79EFBC}") = "StitchingEmguCVConsoleApp", "StitchingEmguCVConsoleApp\StitchingEmguCVConsoleApp.csproj", "{A3A0EDF6-1B24-419C-B1E4-F3C22FFD8835}"
EndProject
Project("{FAE04EC0-301F-11D3-BF4B-00C04F79EFBC}") = "NetFrameworkConsoleApp1", "NetFrameworkConsoleApp1\NetFrameworkConsoleApp1.csproj", "{1420C460-B4C2-4BC2-B9CB-BC78CB03F7E6}"
EndProject
Global
	GlobalSection(SolutionConfigurationPlatforms) = preSolution
		Debug|Any CPU = Debug|Any CPU
		Release|Any CPU = Release|Any CPU
	EndGlobalSection
	GlobalSection(ProjectConfigurationPlatforms) = postSolution
		{0D7DCFBE-0E88-412A-AA86-9E9479D4F7E5}.Debug|Any CPU.ActiveCfg = Debug|Any CPU
		{0D7DCFBE-0E88-412A-AA86-9E9479D4F7E5}.Debug|Any CPU.Build.0 = Debug|Any CPU
		{0D7DCFBE-0E88-412A-AA86-9E9479D4F7E5}.Release|Any CPU.ActiveCfg = Release|Any CPU
		{0D7DCFBE-0E88-412A-AA86-9E9479D4F7E5}.Release|Any CPU.Build.0 = Release|Any CPU
		{19BF1846-16E7-47B5-BF1C-03FE23503DB7}.Debug|Any CPU.ActiveCfg = Debug|Any CPU
		{19BF1846-16E7-47B5-BF1C-03FE23503DB7}.Debug|Any CPU.Build.0 = Debug|Any CPU
		{19BF1846-16E7-47B5-BF1C-03FE23503DB7}.Release|Any CPU.ActiveCfg = Release|Any CPU
		{19BF1846-16E7-47B5-BF1C-03FE23503DB7}.Release|Any CPU.Build.0 = Release|Any CPU
		{8F1D13ED-4353-449E-BA4C-3E4ED7EA8BC7}.Debug|Any CPU.ActiveCfg = Debug|Any CPU
		{8F1D13ED-4353-449E-BA4C-3E4ED7EA8BC7}.Debug|Any CPU.Build.0 = Debug|Any CPU
		{8F1D13ED-4353-449E-BA4C-3E4ED7EA8BC7}.Release|Any CPU.ActiveCfg = Release|Any CPU
		{8F1D13ED-4353-449E-BA4C-3E4ED7EA8BC7}.Release|Any CPU.Build.0 = Release|Any CPU
		{A3A0EDF6-1B24-419C-B1E4-F3C22FFD8835}.Debug|Any CPU.ActiveCfg = Debug|Any CPU
		{A3A0EDF6-1B24-419C-B1E4-F3C22FFD8835}.Debug|Any CPU.Build.0 = Debug|Any CPU
		{A3A0EDF6-1B24-419C-B1E4-F3C22FFD8835}.Release|Any CPU.ActiveCfg = Release|Any CPU
		{A3A0EDF6-1B24-419C-B1E4-F3C22FFD8835}.Release|Any CPU.Build.0 = Release|Any CPU
		{1420C460-B4C2-4BC2-B9CB-BC78CB03F7E6}.Debug|Any CPU.ActiveCfg = Debug|Any CPU
		{1420C460-B4C2-4BC2-B9CB-BC78CB03F7E6}.Debug|Any CPU.Build.0 = Debug|Any CPU
		{1420C460-B4C2-4BC2-B9CB-BC78CB03F7E6}.Release|Any CPU.ActiveCfg = Release|Any CPU
		{1420C460-B4C2-4BC2-B9CB-BC78CB03F7E6}.Release|Any CPU.Build.0 = Release|Any CPU
	EndGlobalSection
	GlobalSection(SolutionProperties) = preSolution
		HideSolutionNode = FALSE
	EndGlobalSection
	GlobalSection(ExtensibilityGlobals) = postSolution
		SolutionGuid = {7E2E3871-50A9-45D1-A6AE-763F760AB431}
	EndGlobalSection
EndGlobal
